
Microsoft Visual Studio Solution File, Format Version 12.00
# Visual Studio Version 17
VisualStudioVersion = 17.0.32014.148
MinimumVisualStudioVersion = 10.0.40219.1
Project("{8BC9CEB8-8B4A-11D0-8D11-00A0C91BC942}") = "Lab5_Sem3_Galin_Mihail_CG", "Lab5_Sem3_Galin_Mihail_CG.vcxproj", "{D414E0E7-1FD5-48F3-88BD-FBEF976CDA27}"
EndProject
Global
	GlobalSection(SolutionConfigurationPlatforms) = preSolution
		Debug|x64 = Debug|x64
		Debug|x86 = Debug|x86
		Release|x64 = Release|x64
		Release|x86 = Release|x86
	EndGlobalSection
	GlobalSection(ProjectConfigurationPlatforms) = postSolution
		{D414E0E7-1FD5-48F3-88BD-FBEF976CDA27}.Debug|x64.ActiveCfg = Debug|x64
		{D414E0E7-1FD5-48F3-88BD-FBEF976CDA27}.Debug|x64.Build.0 = Debug|x64
		{D414E0E7-1FD5-48F3-88BD-FBEF976CDA27}.Debug|x86.ActiveCfg = Debug|Win32
		{D414E0E7-1FD5-48F3-88BD-FBEF976CDA27}.Debug|x86.Build.0 = Debug|Win32
		{D414E0E7-1FD5-48F3-88BD-FBEF976CDA27}.Release|x64.ActiveCfg = Release|x64
		{D414E0E7-1FD5-48F3-88BD-FBEF976CDA27}.Release|x64.Build.0 = Release|x64
		{D414E0E7-1FD5-48F3-88BD-FBEF976CDA27}.Release|x86.ActiveCfg = Release|Win32
		{D414E0E7-1FD5-48F3-88BD-FBEF976CDA27}.Release|x86.Build.0 = Release|Win32
	EndGlobalSection
	GlobalSection(SolutionProperties) = preSolution
		HideSolutionNode = FALSE
	EndGlobalSection
	GlobalSection(ExtensibilityGlobals) = postSolution
		SolutionGuid = {01CF0513-1EEB-41D2-AF5E-0F0D69935678}
	EndGlobalSection
EndGlobal
